
Microsoft Visual Studio Solution File, Format Version 12.00
# Visual Studio Version 17
VisualStudioVersion = 17.9.34902.65
MinimumVisualStudioVersion = 10.0.40219.1
Project("{9A19103F-16F7-4668-BE54-9A1E7A4F7556}") = "MtdKey.EmailBuilder", "MtdKey.EmailBuilder\MtdKey.EmailBuilder.csproj", "{F4DFAF9C-710D-440B-972D-747E95502B73}"
EndProject
Project("{FAE04EC0-301F-11D3-BF4B-00C04F79EFBC}") = "MtdKey.EmailBuilder.Tests", "MtdKey.EmailBuilder.Tests\MtdKey.EmailBuilder.Tests.csproj", "{4F64C679-CB8B-4FFC-8ED0-2EB2B859158A}"
EndProject
Global
	GlobalSection(SolutionConfigurationPlatforms) = preSolution
		Debug|Any CPU = Debug|Any CPU
		Release|Any CPU = Release|Any CPU
	EndGlobalSection
	GlobalSection(ProjectConfigurationPlatforms) = postSolution
		{F4DFAF9C-710D-440B-972D-747E95502B73}.Debug|Any CPU.ActiveCfg = Debug|Any CPU
		{F4DFAF9C-710D-440B-972D-747E95502B73}.Debug|Any CPU.Build.0 = Debug|Any CPU
		{F4DFAF9C-710D-440B-972D-747E95502B73}.Release|Any CPU.ActiveCfg = Release|Any CPU
		{F4DFAF9C-710D-440B-972D-747E95502B73}.Release|Any CPU.Build.0 = Release|Any CPU
		{4F64C679-CB8B-4FFC-8ED0-2EB2B859158A}.Debug|Any CPU.ActiveCfg = Debug|Any CPU
		{4F64C679-CB8B-4FFC-8ED0-2EB2B859158A}.Debug|Any CPU.Build.0 = Debug|Any CPU
		{4F64C679-CB8B-4FFC-8ED0-2EB2B859158A}.Release|Any CPU.ActiveCfg = Release|Any CPU
		{4F64C679-CB8B-4FFC-8ED0-2EB2B859158A}.Release|Any CPU.Build.0 = Release|Any CPU
	EndGlobalSection
	GlobalSection(SolutionProperties) = preSolution
		HideSolutionNode = FALSE
	EndGlobalSection
	GlobalSection(ExtensibilityGlobals) = postSolution
		SolutionGuid = {6818224C-1D17-4F33-BA8D-DBEC8A499A44}
	EndGlobalSection
EndGlobal
